
Microsoft Visual Studio Solution File, Format Version 12.00
# Visual Studio 14
VisualStudioVersion = 14.0.25420.1
MinimumVisualStudioVersion = 10.0.40219.1
Project("{2150E333-8FDC-42A3-9474-1A3956D46DE8}") = "5.3.3", "5.3.3", "{876234EB-2451-4AC1-82DE-4AA517E22B95}"
EndProject
Project("{8BC9CEB8-8B4A-11D0-8D11-00A0C91BC942}") = "lua", "5.3.3\lua\lua.vcxproj", "{FADA3FB2-0482-41E4-86A9-8724BE033110}"
EndProject
Project("{8BC9CEB8-8B4A-11D0-8D11-00A0C91BC942}") = "luac", "5.3.3\luac\luac.vcxproj", "{D61429D1-1643-4CF1-8C7C-74A84C4EB14E}"
EndProject
Project("{8BC9CEB8-8B4A-11D0-8D11-00A0C91BC942}") = "dll", "5.3.3\dll\dll.vcxproj", "{97707EEB-01D8-4208-AF56-2E7368EEEAB2}"
EndProject
Project("{8BC9CEB8-8B4A-11D0-8D11-00A0C91BC942}") = "lib", "5.3.3\lib\lib.vcxproj", "{620F8704-ADAB-4247-AE38-92A1E09A9070}"
EndProject
Project("{8BC9CEB8-8B4A-11D0-8D11-00A0C91BC942}") = "sampleCpp", "5.3.3\sampleCpp\sampleCpp.vcxproj", "{5C7A8AFC-A21B-466D-B0DA-A18E3DB78E4F}"
EndProject
Global
	GlobalSection(SolutionConfigurationPlatforms) = preSolution
		Debug|x64 = Debug|x64
		Debug|x86 = Debug|x86
		Release|x64 = Release|x64
		Release|x86 = Release|x86
	EndGlobalSection
	GlobalSection(ProjectConfigurationPlatforms) = postSolution
		{FADA3FB2-0482-41E4-86A9-8724BE033110}.Debug|x64.ActiveCfg = Debug|x64
		{FADA3FB2-0482-41E4-86A9-8724BE033110}.Debug|x64.Build.0 = Debug|x64
		{FADA3FB2-0482-41E4-86A9-8724BE033110}.Debug|x86.ActiveCfg = Debug|Win32
		{FADA3FB2-0482-41E4-86A9-8724BE033110}.Debug|x86.Build.0 = Debug|Win32
		{FADA3FB2-0482-41E4-86A9-8724BE033110}.Release|x64.ActiveCfg = Release|x64
		{FADA3FB2-0482-41E4-86A9-8724BE033110}.Release|x64.Build.0 = Release|x64
		{FADA3FB2-0482-41E4-86A9-8724BE033110}.Release|x86.ActiveCfg = Release|Win32
		{FADA3FB2-0482-41E4-86A9-8724BE033110}.Release|x86.Build.0 = Release|Win32
		{D61429D1-1643-4CF1-8C7C-74A84C4EB14E}.Debug|x64.ActiveCfg = Debug|x64
		{D61429D1-1643-4CF1-8C7C-74A84C4EB14E}.Debug|x64.Build.0 = Debug|x64
		{D61429D1-1643-4CF1-8C7C-74A84C4EB14E}.Debug|x86.ActiveCfg = Debug|Win32
		{D61429D1-1643-4CF1-8C7C-74A84C4EB14E}.Debug|x86.Build.0 = Debug|Win32
		{D61429D1-1643-4CF1-8C7C-74A84C4EB14E}.Release|x64.ActiveCfg = Release|x64
		{D61429D1-1643-4CF1-8C7C-74A84C4EB14E}.Release|x64.Build.0 = Release|x64
		{D61429D1-1643-4CF1-8C7C-74A84C4EB14E}.Release|x86.ActiveCfg = Release|Win32
		{D61429D1-1643-4CF1-8C7C-74A84C4EB14E}.Release|x86.Build.0 = Release|Win32
		{97707EEB-01D8-4208-AF56-2E7368EEEAB2}.Debug|x64.ActiveCfg = Debug|x64
		{97707EEB-01D8-4208-AF56-2E7368EEEAB2}.Debug|x64.Build.0 = Debug|x64
		{97707EEB-01D8-4208-AF56-2E7368EEEAB2}.Debug|x86.ActiveCfg = Debug|Win32
		{97707EEB-01D8-4208-AF56-2E7368EEEAB2}.Debug|x86.Build.0 = Debug|Win32
		{97707EEB-01D8-4208-AF56-2E7368EEEAB2}.Release|x64.ActiveCfg = Release|x64
		{97707EEB-01D8-4208-AF56-2E7368EEEAB2}.Release|x64.Build.0 = Release|x64
		{97707EEB-01D8-4208-AF56-2E7368EEEAB2}.Release|x86.ActiveCfg = Release|Win32
		{97707EEB-01D8-4208-AF56-2E7368EEEAB2}.Release|x86.Build.0 = Release|Win32
		{620F8704-ADAB-4247-AE38-92A1E09A9070}.Debug|x64.ActiveCfg = Debug|x64
		{620F8704-ADAB-4247-AE38-92A1E09A9070}.Debug|x64.Build.0 = Debug|x64
		{620F8704-ADAB-4247-AE38-92A1E09A9070}.Debug|x86.ActiveCfg = Debug|Win32
		{620F8704-ADAB-4247-AE38-92A1E09A9070}.Debug|x86.Build.0 = Debug|Win32
		{620F8704-ADAB-4247-AE38-92A1E09A9070}.Release|x64.ActiveCfg = Release|x64
		{620F8704-ADAB-4247-AE38-92A1E09A9070}.Release|x64.Build.0 = Release|x64
		{620F8704-ADAB-4247-AE38-92A1E09A9070}.Release|x86.ActiveCfg = Release|Win32
		{620F8704-ADAB-4247-AE38-92A1E09A9070}.Release|x86.Build.0 = Release|Win32
		{5C7A8AFC-A21B-466D-B0DA-A18E3DB78E4F}.Debug|x64.ActiveCfg = Debug|x64
		{5C7A8AFC-A21B-466D-B0DA-A18E3DB78E4F}.Debug|x64.Build.0 = Debug|x64
		{5C7A8AFC-A21B-466D-B0DA-A18E3DB78E4F}.Debug|x86.ActiveCfg = Debug|Win32
		{5C7A8AFC-A21B-466D-B0DA-A18E3DB78E4F}.Debug|x86.Build.0 = Debug|Win32
		{5C7A8AFC-A21B-466D-B0DA-A18E3DB78E4F}.Release|x64.ActiveCfg = Release|x64
		{5C7A8AFC-A21B-466D-B0DA-A18E3DB78E4F}.Release|x64.Build.0 = Release|x64
		{5C7A8AFC-A21B-466D-B0DA-A18E3DB78E4F}.Release|x86.ActiveCfg = Release|Win32
		{5C7A8AFC-A21B-466D-B0DA-A18E3DB78E4F}.Release|x86.Build.0 = Release|Win32
	EndGlobalSection
	GlobalSection(SolutionProperties) = preSolution
		HideSolutionNode = FALSE
	EndGlobalSection
	GlobalSection(NestedProjects) = preSolution
		{FADA3FB2-0482-41E4-86A9-8724BE033110} = {876234EB-2451-4AC1-82DE-4AA517E22B95}
		{D61429D1-1643-4CF1-8C7C-74A84C4EB14E} = {876234EB-2451-4AC1-82DE-4AA517E22B95}
		{97707EEB-01D8-4208-AF56-2E7368EEEAB2} = {876234EB-2451-4AC1-82DE-4AA517E22B95}
		{620F8704-ADAB-4247-AE38-92A1E09A9070} = {876234EB-2451-4AC1-82DE-4AA517E22B95}
		{5C7A8AFC-A21B-466D-B0DA-A18E3DB78E4F} = {876234EB-2451-4AC1-82DE-4AA517E22B95}
	EndGlobalSection
EndGlobal
